
Microsoft Visual Studio Solution File, Format Version 12.00
# Visual Studio Version 17
VisualStudioVersion = 17.2.32526.322
MinimumVisualStudioVersion = 10.0.40219.1
Project("{FAE04EC0-301F-11D3-BF4B-00C04F79EFBC}") = "LINQ16", "LINQ16\LINQ16.csproj", "{D60E5876-0EFA-4091-B5D8-C9288AE4A8DA}"
EndProject
Global
	GlobalSection(SolutionConfigurationPlatforms) = preSolution
		Debug|Any CPU = Debug|Any CPU
		Release|Any CPU = Release|Any CPU
	EndGlobalSection
	GlobalSection(ProjectConfigurationPlatforms) = postSolution
		{D60E5876-0EFA-4091-B5D8-C9288AE4A8DA}.Debug|Any CPU.ActiveCfg = Debug|Any CPU
		{D60E5876-0EFA-4091-B5D8-C9288AE4A8DA}.Debug|Any CPU.Build.0 = Debug|Any CPU
		{D60E5876-0EFA-4091-B5D8-C9288AE4A8DA}.Release|Any CPU.ActiveCfg = Release|Any CPU
		{D60E5876-0EFA-4091-B5D8-C9288AE4A8DA}.Release|Any CPU.Build.0 = Release|Any CPU
	EndGlobalSection
	GlobalSection(SolutionProperties) = preSolution
		HideSolutionNode = FALSE
	EndGlobalSection
	GlobalSection(ExtensibilityGlobals) = postSolution
		SolutionGuid = {627E4784-BC45-4AA1-A74F-F352D152143C}
	EndGlobalSection
EndGlobal
